
Microsoft Visual Studio Solution File, Format Version 11.00
# Visual Studio 2010
Project("{8BC9CEB8-8B4A-11D0-8D11-00A0C91BC942}") = "Tetris", "Tetris\Tetris.vcxproj", "{9794EF69-D440-4DF9-85E0-1BB175E10879}"
EndProject
Global
	GlobalSection(SolutionConfigurationPlatforms) = preSolution
		Debug|Win32 = Debug|Win32
		Release|Win32 = Release|Win32
	EndGlobalSection
	GlobalSection(ProjectConfigurationPlatforms) = postSolution
		{9794EF69-D440-4DF9-85E0-1BB175E10879}.Debug|Win32.ActiveCfg = Debug|Win32
		{9794EF69-D440-4DF9-85E0-1BB175E10879}.Debug|Win32.Build.0 = Debug|Win32
		{9794EF69-D440-4DF9-85E0-1BB175E10879}.Release|Win32.ActiveCfg = Release|Win32
		{9794EF69-D440-4DF9-85E0-1BB175E10879}.Release|Win32.Build.0 = Release|Win32
	EndGlobalSection
	GlobalSection(SolutionProperties) = preSolution
		HideSolutionNode = FALSE
	EndGlobalSection
EndGlobal
